
Microsoft Visual Studio Solution File, Format Version 12.00
# Visual Studio Version 16
VisualStudioVersion = 16.0.29728.190
MinimumVisualStudioVersion = 10.0.40219.1
Project("{FAE04EC0-301F-11D3-BF4B-00C04F79EFBC}") = "OTFood.Web", "OTFood.Web\OTFood.Web.csproj", "{FFB2E487-B272-496E-A138-91CF70893DF2}"
EndProject
Project("{FAE04EC0-301F-11D3-BF4B-00C04F79EFBC}") = "OTFood.Data", "OTFood.Data\OTFood.Data.csproj", "{0723C5F0-1503-49E9-820C-578CDF26EDE7}"
EndProject
Global
	GlobalSection(SolutionConfigurationPlatforms) = preSolution
		Debug|Any CPU = Debug|Any CPU
		Release|Any CPU = Release|Any CPU
	EndGlobalSection
	GlobalSection(ProjectConfigurationPlatforms) = postSolution
		{FFB2E487-B272-496E-A138-91CF70893DF2}.Debug|Any CPU.ActiveCfg = Debug|Any CPU
		{FFB2E487-B272-496E-A138-91CF70893DF2}.Debug|Any CPU.Build.0 = Debug|Any CPU
		{FFB2E487-B272-496E-A138-91CF70893DF2}.Release|Any CPU.ActiveCfg = Release|Any CPU
		{FFB2E487-B272-496E-A138-91CF70893DF2}.Release|Any CPU.Build.0 = Release|Any CPU
		{0723C5F0-1503-49E9-820C-578CDF26EDE7}.Debug|Any CPU.ActiveCfg = Debug|Any CPU
		{0723C5F0-1503-49E9-820C-578CDF26EDE7}.Debug|Any CPU.Build.0 = Debug|Any CPU
		{0723C5F0-1503-49E9-820C-578CDF26EDE7}.Release|Any CPU.ActiveCfg = Release|Any CPU
		{0723C5F0-1503-49E9-820C-578CDF26EDE7}.Release|Any CPU.Build.0 = Release|Any CPU
	EndGlobalSection
	GlobalSection(SolutionProperties) = preSolution
		HideSolutionNode = FALSE
	EndGlobalSection
	GlobalSection(ExtensibilityGlobals) = postSolution
		SolutionGuid = {EA5497C6-DCB1-4040-9D67-42FC8AA107C8}
	EndGlobalSection
EndGlobal
